
Microsoft Visual Studio Solution File, Format Version 12.00
# Visual Studio Version 16
VisualStudioVersion = 16.0.31019.35
MinimumVisualStudioVersion = 10.0.40219.1
Project("{FAE04EC0-301F-11D3-BF4B-00C04F79EFBC}") = "TutorialsXamarin.Android", "TutorialsXamarin.Android\TutorialsXamarin.Android.csproj", "{0BEC5C37-6D04-40E1-9206-EA9A440A0CCD}"
EndProject
Project("{FAE04EC0-301F-11D3-BF4B-00C04F79EFBC}") = "TutorialsXamarin.iOS", "TutorialsXamarin.iOS\TutorialsXamarin.iOS.csproj", "{09FD20ED-2BA1-4DC5-8B0E-50446916DD57}"
EndProject
Project("{9A19103F-16F7-4668-BE54-9A1E7A4F7556}") = "TutorialsXamarin", "TutorialsXamarin\TutorialsXamarin.csproj", "{D3FCA0A8-3A3D-4A2A-B505-F8092FF1D4AC}"
EndProject
Project("{2150E333-8FDC-42A3-9474-1A3956D46DE8}") = "E-Shared", "E-Shared", "{3C9654DB-E677-4FCE-934C-27B8F59B6E9A}"
EndProject
Project("{2150E333-8FDC-42A3-9474-1A3956D46DE8}") = "Android", "Android", "{F2C82B8E-2791-4C94-91D8-44B8D381A1CA}"
EndProject
Project("{2150E333-8FDC-42A3-9474-1A3956D46DE8}") = "IOS", "IOS", "{0E6B5486-9A72-47BC-B726-3E47129C46CF}"
EndProject
Project("{2150E333-8FDC-42A3-9474-1A3956D46DE8}") = "A-Common", "A-Common", "{86B8BFA4-3C16-42A5-9B96-326A0B42EF49}"
EndProject
Project("{9A19103F-16F7-4668-BE54-9A1E7A4F7556}") = "TutorialsXamarin.Common", "TutorialsXamarin.Common\TutorialsXamarin.Common.csproj", "{9C30D470-AD8A-4487-A1A0-9FB20AFD2F7A}"
EndProject
Project("{2150E333-8FDC-42A3-9474-1A3956D46DE8}") = "B-DataAccess", "B-DataAccess", "{875A2BEE-FBB2-4B18-A8AC-0A21784BF594}"
EndProject
Project("{9A19103F-16F7-4668-BE54-9A1E7A4F7556}") = "TutorialsXamarin.DataAccess", "TutorialsXamarin.DataAccess\TutorialsXamarin.DataAccess.csproj", "{C6995A9D-0E00-4CE1-83A0-9537CA7A4C0B}"
EndProject
Project("{2150E333-8FDC-42A3-9474-1A3956D46DE8}") = "C-Business", "C-Business", "{2D6AEDB8-520B-47EC-838B-4668A9A13B80}"
EndProject
Project("{2150E333-8FDC-42A3-9474-1A3956D46DE8}") = "F-Platforms", "F-Platforms", "{EE49C997-894D-43B6-B1A0-462F5427216C}"
EndProject
Project("{9A19103F-16F7-4668-BE54-9A1E7A4F7556}") = "TutorialsXamarin.Business", "TutorialsXamarin.Business\TutorialsXamarin.Business.csproj", "{85301193-27AC-4DC5-BD41-C7BC756AF9D0}"
EndProject
Project("{2150E333-8FDC-42A3-9474-1A3956D46DE8}") = "G-Tests", "G-Tests", "{59113FA3-8FE7-4130-B420-43D2CAA25E72}"
EndProject
Project("{2150E333-8FDC-42A3-9474-1A3956D46DE8}") = "D-WebService", "D-WebService", "{20E2DD70-28A3-4B68-A575-07EE30BA643D}"
EndProject
Project("{9A19103F-16F7-4668-BE54-9A1E7A4F7556}") = "TutorialsXamarin.WebAPi", "TutorialsXamarin.WebAPi\TutorialsXamarin.WebAPi.csproj", "{B0220991-387D-4B51-8D08-C30A539E1C44}"
EndProject
Global
	GlobalSection(SolutionConfigurationPlatforms) = preSolution
		Debug|Any CPU = Debug|Any CPU
		Debug|ARM = Debug|ARM
		Debug|iPhone = Debug|iPhone
		Debug|iPhoneSimulator = Debug|iPhoneSimulator
		Debug|x64 = Debug|x64
		Debug|x86 = Debug|x86
		Release|Any CPU = Release|Any CPU
		Release|ARM = Release|ARM
		Release|iPhone = Release|iPhone
		Release|iPhoneSimulator = Release|iPhoneSimulator
		Release|x64 = Release|x64
		Release|x86 = Release|x86
	EndGlobalSection
	GlobalSection(ProjectConfigurationPlatforms) = postSolution
		{0BEC5C37-6D04-40E1-9206-EA9A440A0CCD}.Debug|Any CPU.ActiveCfg = Debug|Any CPU
		{0BEC5C37-6D04-40E1-9206-EA9A440A0CCD}.Debug|Any CPU.Build.0 = Debug|Any CPU
		{0BEC5C37-6D04-40E1-9206-EA9A440A0CCD}.Debug|Any CPU.Deploy.0 = Debug|Any CPU
		{0BEC5C37-6D04-40E1-9206-EA9A440A0CCD}.Debug|ARM.ActiveCfg = Debug|Any CPU
		{0BEC5C37-6D04-40E1-9206-EA9A440A0CCD}.Debug|ARM.Build.0 = Debug|Any CPU
		{0BEC5C37-6D04-40E1-9206-EA9A440A0CCD}.Debug|ARM.Deploy.0 = Debug|Any CPU
		{0BEC5C37-6D04-40E1-9206-EA9A440A0CCD}.Debug|iPhone.ActiveCfg = Debug|Any CPU
		{0BEC5C37-6D04-40E1-9206-EA9A440A0CCD}.Debug|iPhone.Build.0 = Debug|Any CPU
		{0BEC5C37-6D04-40E1-9206-EA9A440A0CCD}.Debug|iPhone.Deploy.0 = Debug|Any CPU
		{0BEC5C37-6D04-40E1-9206-EA9A440A0CCD}.Debug|iPhoneSimulator.ActiveCfg = Debug|Any CPU
		{0BEC5C37-6D04-40E1-9206-EA9A440A0CCD}.Debug|iPhoneSimulator.Build.0 = Debug|Any CPU
		{0BEC5C37-6D04-40E1-9206-EA9A440A0CCD}.Debug|iPhoneSimulator.Deploy.0 = Debug|Any CPU
		{0BEC5C37-6D04-40E1-9206-EA9A440A0CCD}.Debug|x64.ActiveCfg = Debug|Any CPU
		{0BEC5C37-6D04-40E1-9206-EA9A440A0CCD}.Debug|x64.Build.0 = Debug|Any CPU
		{0BEC5C37-6D04-40E1-9206-EA9A440A0CCD}.Debug|x64.Deploy.0 = Debug|Any CPU
		{0BEC5C37-6D04-40E1-9206-EA9A440A0CCD}.Debug|x86.ActiveCfg = Debug|Any CPU
		{0BEC5C37-6D04-40E1-9206-EA9A440A0CCD}.Debug|x86.Build.0 = Debug|Any CPU
		{0BEC5C37-6D04-40E1-9206-EA9A440A0CCD}.Debug|x86.Deploy.0 = Debug|Any CPU
		{0BEC5C37-6D04-40E1-9206-EA9A440A0CCD}.Release|Any CPU.ActiveCfg = Release|Any CPU
		{0BEC5C37-6D04-40E1-9206-EA9A440A0CCD}.Release|Any CPU.Build.0 = Release|Any CPU
		{0BEC5C37-6D04-40E1-9206-EA9A440A0CCD}.Release|Any CPU.Deploy.0 = Release|Any CPU
		{0BEC5C37-6D04-40E1-9206-EA9A440A0CCD}.Release|ARM.ActiveCfg = Release|Any CPU
		{0BEC5C37-6D04-40E1-9206-EA9A440A0CCD}.Release|ARM.Build.0 = Release|Any CPU
		{0BEC5C37-6D04-40E1-9206-EA9A440A0CCD}.Release|ARM.Deploy.0 = Release|Any CPU
		{0BEC5C37-6D04-40E1-9206-EA9A440A0CCD}.Release|iPhone.ActiveCfg = Release|Any CPU
		{0BEC5C37-6D04-40E1-9206-EA9A440A0CCD}.Release|iPhone.Build.0 = Release|Any CPU
		{0BEC5C37-6D04-40E1-9206-EA9A440A0CCD}.Release|iPhone.Deploy.0 = Release|Any CPU
		{0BEC5C37-6D04-40E1-9206-EA9A440A0CCD}.Release|iPhoneSimulator.ActiveCfg = Release|Any CPU
		{0BEC5C37-6D04-40E1-9206-EA9A440A0CCD}.Release|iPhoneSimulator.Build.0 = Release|Any CPU
		{0BEC5C37-6D04-40E1-9206-EA9A440A0CCD}.Release|iPhoneSimulator.Deploy.0 = Release|Any CPU
		{0BEC5C37-6D04-40E1-9206-EA9A440A0CCD}.Release|x64.ActiveCfg = Release|Any CPU
		{0BEC5C37-6D04-40E1-9206-EA9A440A0CCD}.Release|x64.Build.0 = Release|Any CPU
		{0BEC5C37-6D04-40E1-9206-EA9A440A0CCD}.Release|x64.Deploy.0 = Release|Any CPU
		{0BEC5C37-6D04-40E1-9206-EA9A440A0CCD}.Release|x86.ActiveCfg = Release|Any CPU
		{0BEC5C37-6D04-40E1-9206-EA9A440A0CCD}.Release|x86.Build.0 = Release|Any CPU
		{0BEC5C37-6D04-40E1-9206-EA9A440A0CCD}.Release|x86.Deploy.0 = Release|Any CPU
		{09FD20ED-2BA1-4DC5-8B0E-50446916DD57}.Debug|Any CPU.ActiveCfg = Debug|iPhoneSimulator
		{09FD20ED-2BA1-4DC5-8B0E-50446916DD57}.Debug|Any CPU.Build.0 = Debug|iPhoneSimulator
		{09FD20ED-2BA1-4DC5-8B0E-50446916DD57}.Debug|Any CPU.Deploy.0 = Debug|iPhoneSimulator
		{09FD20ED-2BA1-4DC5-8B0E-50446916DD57}.Debug|ARM.ActiveCfg = Debug|iPhone
		{09FD20ED-2BA1-4DC5-8B0E-50446916DD57}.Debug|ARM.Build.0 = Debug|iPhone
		{09FD20ED-2BA1-4DC5-8B0E-50446916DD57}.Debug|ARM.Deploy.0 = Debug|iPhone
		{09FD20ED-2BA1-4DC5-8B0E-50446916DD57}.Debug|iPhone.ActiveCfg = Debug|iPhone
		{09FD20ED-2BA1-4DC5-8B0E-50446916DD57}.Debug|iPhone.Build.0 = Debug|iPhone
		{09FD20ED-2BA1-4DC5-8B0E-50446916DD57}.Debug|iPhone.Deploy.0 = Debug|iPhone
		{09FD20ED-2BA1-4DC5-8B0E-50446916DD57}.Debug|iPhoneSimulator.ActiveCfg = Debug|iPhoneSimulator
		{09FD20ED-2BA1-4DC5-8B0E-50446916DD57}.Debug|iPhoneSimulator.Build.0 = Debug|iPhoneSimulator
		{09FD20ED-2BA1-4DC5-8B0E-50446916DD57}.Debug|iPhoneSimulator.Deploy.0 = Debug|iPhoneSimulator
		{09FD20ED-2BA1-4DC5-8B0E-50446916DD57}.Debug|x64.ActiveCfg = Debug|iPhoneSimulator
		{09FD20ED-2BA1-4DC5-8B0E-50446916DD57}.Debug|x64.Build.0 = Debug|iPhoneSimulator
		{09FD20ED-2BA1-4DC5-8B0E-50446916DD57}.Debug|x64.Deploy.0 = Debug|iPhoneSimulator
		{09FD20ED-2BA1-4DC5-8B0E-50446916DD57}.Debug|x86.ActiveCfg = Debug|iPhoneSimulator
		{09FD20ED-2BA1-4DC5-8B0E-50446916DD57}.Debug|x86.Build.0 = Debug|iPhoneSimulator
		{09FD20ED-2BA1-4DC5-8B0E-50446916DD57}.Debug|x86.Deploy.0 = Debug|iPhoneSimulator
		{09FD20ED-2BA1-4DC5-8B0E-50446916DD57}.Release|Any CPU.ActiveCfg = Release|iPhoneSimulator
		{09FD20ED-2BA1-4DC5-8B0E-50446916DD57}.Release|Any CPU.Build.0 = Release|iPhoneSimulator
		{09FD20ED-2BA1-4DC5-8B0E-50446916DD57}.Release|Any CPU.Deploy.0 = Release|iPhoneSimulator
		{09FD20ED-2BA1-4DC5-8B0E-50446916DD57}.Release|ARM.ActiveCfg = Release|iPhoneSimulator
		{09FD20ED-2BA1-4DC5-8B0E-50446916DD57}.Release|ARM.Build.0 = Release|iPhoneSimulator
		{09FD20ED-2BA1-4DC5-8B0E-50446916DD57}.Release|ARM.Deploy.0 = Release|iPhoneSimulator
		{09FD20ED-2BA1-4DC5-8B0E-50446916DD57}.Release|iPhone.ActiveCfg = Release|iPhone
		{09FD20ED-2BA1-4DC5-8B0E-50446916DD57}.Release|iPhone.Build.0 = Release|iPhone
		{09FD20ED-2BA1-4DC5-8B0E-50446916DD57}.Release|iPhone.Deploy.0 = Release|iPhone
		{09FD20ED-2BA1-4DC5-8B0E-50446916DD57}.Release|iPhoneSimulator.ActiveCfg = Release|iPhoneSimulator
		{09FD20ED-2BA1-4DC5-8B0E-50446916DD57}.Release|iPhoneSimulator.Build.0 = Release|iPhoneSimulator
		{09FD20ED-2BA1-4DC5-8B0E-50446916DD57}.Release|iPhoneSimulator.Deploy.0 = Release|iPhoneSimulator
		{09FD20ED-2BA1-4DC5-8B0E-50446916DD57}.Release|x64.ActiveCfg = Release|iPhoneSimulator
		{09FD20ED-2BA1-4DC5-8B0E-50446916DD57}.Release|x64.Build.0 = Release|iPhoneSimulator
		{09FD20ED-2BA1-4DC5-8B0E-50446916DD57}.Release|x64.Deploy.0 = Release|iPhoneSimulator
		{09FD20ED-2BA1-4DC5-8B0E-50446916DD57}.Release|x86.ActiveCfg = Release|iPhoneSimulator
		{09FD20ED-2BA1-4DC5-8B0E-50446916DD57}.Release|x86.Build.0 = Release|iPhoneSimulator
		{09FD20ED-2BA1-4DC5-8B0E-50446916DD57}.Release|x86.Deploy.0 = Release|iPhoneSimulator
		{D3FCA0A8-3A3D-4A2A-B505-F8092FF1D4AC}.Debug|Any CPU.ActiveCfg = Debug|Any CPU
		{D3FCA0A8-3A3D-4A2A-B505-F8092FF1D4AC}.Debug|Any CPU.Build.0 = Debug|Any CPU
		{D3FCA0A8-3A3D-4A2A-B505-F8092FF1D4AC}.Debug|Any CPU.Deploy.0 = Debug|Any CPU
		{D3FCA0A8-3A3D-4A2A-B505-F8092FF1D4AC}.Debug|ARM.ActiveCfg = Debug|Any CPU
		{D3FCA0A8-3A3D-4A2A-B505-F8092FF1D4AC}.Debug|ARM.Build.0 = Debug|Any CPU
		{D3FCA0A8-3A3D-4A2A-B505-F8092FF1D4AC}.Debug|ARM.Deploy.0 = Debug|Any CPU
		{D3FCA0A8-3A3D-4A2A-B505-F8092FF1D4AC}.Debug|iPhone.ActiveCfg = Debug|Any CPU
		{D3FCA0A8-3A3D-4A2A-B505-F8092FF1D4AC}.Debug|iPhone.Build.0 = Debug|Any CPU
		{D3FCA0A8-3A3D-4A2A-B505-F8092FF1D4AC}.Debug|iPhone.Deploy.0 = Debug|Any CPU
		{D3FCA0A8-3A3D-4A2A-B505-F8092FF1D4AC}.Debug|iPhoneSimulator.ActiveCfg = Debug|Any CPU
		{D3FCA0A8-3A3D-4A2A-B505-F8092FF1D4AC}.Debug|iPhoneSimulator.Build.0 = Debug|Any CPU
		{D3FCA0A8-3A3D-4A2A-B505-F8092FF1D4AC}.Debug|iPhoneSimulator.Deploy.0 = Debug|Any CPU
		{D3FCA0A8-3A3D-4A2A-B505-F8092FF1D4AC}.Debug|x64.ActiveCfg = Debug|Any CPU
		{D3FCA0A8-3A3D-4A2A-B505-F8092FF1D4AC}.Debug|x64.Build.0 = Debug|Any CPU
		{D3FCA0A8-3A3D-4A2A-B505-F8092FF1D4AC}.Debug|x64.Deploy.0 = Debug|Any CPU
		{D3FCA0A8-3A3D-4A2A-B505-F8092FF1D4AC}.Debug|x86.ActiveCfg = Debug|Any CPU
		{D3FCA0A8-3A3D-4A2A-B505-F8092FF1D4AC}.Debug|x86.Build.0 = Debug|Any CPU
		{D3FCA0A8-3A3D-4A2A-B505-F8092FF1D4AC}.Debug|x86.Deploy.0 = Debug|Any CPU
		{D3FCA0A8-3A3D-4A2A-B505-F8092FF1D4AC}.Release|Any CPU.ActiveCfg = Release|Any CPU
		{D3FCA0A8-3A3D-4A2A-B505-F8092FF1D4AC}.Release|Any CPU.Build.0 = Release|Any CPU
		{D3FCA0A8-3A3D-4A2A-B505-F8092FF1D4AC}.Release|Any CPU.Deploy.0 = Release|Any CPU
		{D3FCA0A8-3A3D-4A2A-B505-F8092FF1D4AC}.Release|ARM.ActiveCfg = Release|Any CPU
		{D3FCA0A8-3A3D-4A2A-B505-F8092FF1D4AC}.Release|ARM.Build.0 = Release|Any CPU
		{D3FCA0A8-3A3D-4A2A-B505-F8092FF1D4AC}.Release|ARM.Deploy.0 = Release|Any CPU
		{D3FCA0A8-3A3D-4A2A-B505-F8092FF1D4AC}.Release|iPhone.ActiveCfg = Release|Any CPU
		{D3FCA0A8-3A3D-4A2A-B505-F8092FF1D4AC}.Release|iPhone.Build.0 = Release|Any CPU
		{D3FCA0A8-3A3D-4A2A-B505-F8092FF1D4AC}.Release|iPhone.Deploy.0 = Release|Any CPU
		{D3FCA0A8-3A3D-4A2A-B505-F8092FF1D4AC}.Release|iPhoneSimulator.ActiveCfg = Release|Any CPU
		{D3FCA0A8-3A3D-4A2A-B505-F8092FF1D4AC}.Release|iPhoneSimulator.Build.0 = Release|Any CPU
		{D3FCA0A8-3A3D-4A2A-B505-F8092FF1D4AC}.Release|iPhoneSimulator.Deploy.0 = Release|Any CPU
		{D3FCA0A8-3A3D-4A2A-B505-F8092FF1D4AC}.Release|x64.ActiveCfg = Release|Any CPU
		{D3FCA0A8-3A3D-4A2A-B505-F8092FF1D4AC}.Release|x64.Build.0 = Release|Any CPU
		{D3FCA0A8-3A3D-4A2A-B505-F8092FF1D4AC}.Release|x64.Deploy.0 = Release|Any CPU
		{D3FCA0A8-3A3D-4A2A-B505-F8092FF1D4AC}.Release|x86.ActiveCfg = Release|Any CPU
		{D3FCA0A8-3A3D-4A2A-B505-F8092FF1D4AC}.Release|x86.Build.0 = Release|Any CPU
		{D3FCA0A8-3A3D-4A2A-B505-F8092FF1D4AC}.Release|x86.Deploy.0 = Release|Any CPU
		{9C30D470-AD8A-4487-A1A0-9FB20AFD2F7A}.Debug|Any CPU.ActiveCfg = Debug|Any CPU
		{9C30D470-AD8A-4487-A1A0-9FB20AFD2F7A}.Debug|Any CPU.Build.0 = Debug|Any CPU
		{9C30D470-AD8A-4487-A1A0-9FB20AFD2F7A}.Debug|ARM.ActiveCfg = Debug|Any CPU
		{9C30D470-AD8A-4487-A1A0-9FB20AFD2F7A}.Debug|ARM.Build.0 = Debug|Any CPU
		{9C30D470-AD8A-4487-A1A0-9FB20AFD2F7A}.Debug|iPhone.ActiveCfg = Debug|Any CPU
		{9C30D470-AD8A-4487-A1A0-9FB20AFD2F7A}.Debug|iPhone.Build.0 = Debug|Any CPU
		{9C30D470-AD8A-4487-A1A0-9FB20AFD2F7A}.Debug|iPhoneSimulator.ActiveCfg = Debug|Any CPU
		{9C30D470-AD8A-4487-A1A0-9FB20AFD2F7A}.Debug|iPhoneSimulator.Build.0 = Debug|Any CPU
		{9C30D470-AD8A-4487-A1A0-9FB20AFD2F7A}.Debug|x64.ActiveCfg = Debug|Any CPU
		{9C30D470-AD8A-4487-A1A0-9FB20AFD2F7A}.Debug|x64.Build.0 = Debug|Any CPU
		{9C30D470-AD8A-4487-A1A0-9FB20AFD2F7A}.Debug|x86.ActiveCfg = Debug|Any CPU
		{9C30D470-AD8A-4487-A1A0-9FB20AFD2F7A}.Debug|x86.Build.0 = Debug|Any CPU
		{9C30D470-AD8A-4487-A1A0-9FB20AFD2F7A}.Release|Any CPU.ActiveCfg = Release|Any CPU
		{9C30D470-AD8A-4487-A1A0-9FB20AFD2F7A}.Release|Any CPU.Build.0 = Release|Any CPU
		{9C30D470-AD8A-4487-A1A0-9FB20AFD2F7A}.Release|ARM.ActiveCfg = Release|Any CPU
		{9C30D470-AD8A-4487-A1A0-9FB20AFD2F7A}.Release|ARM.Build.0 = Release|Any CPU
		{9C30D470-AD8A-4487-A1A0-9FB20AFD2F7A}.Release|iPhone.ActiveCfg = Release|Any CPU
		{9C30D470-AD8A-4487-A1A0-9FB20AFD2F7A}.Release|iPhone.Build.0 = Release|Any CPU
		{9C30D470-AD8A-4487-A1A0-9FB20AFD2F7A}.Release|iPhoneSimulator.ActiveCfg = Release|Any CPU
		{9C30D470-AD8A-4487-A1A0-9FB20AFD2F7A}.Release|iPhoneSimulator.Build.0 = Release|Any CPU
		{9C30D470-AD8A-4487-A1A0-9FB20AFD2F7A}.Release|x64.ActiveCfg = Release|Any CPU
		{9C30D470-AD8A-4487-A1A0-9FB20AFD2F7A}.Release|x64.Build.0 = Release|Any CPU
		{9C30D470-AD8A-4487-A1A0-9FB20AFD2F7A}.Release|x86.ActiveCfg = Release|Any CPU
		{9C30D470-AD8A-4487-A1A0-9FB20AFD2F7A}.Release|x86.Build.0 = Release|Any CPU
		{C6995A9D-0E00-4CE1-83A0-9537CA7A4C0B}.Debug|Any CPU.ActiveCfg = Debug|Any CPU
		{C6995A9D-0E00-4CE1-83A0-9537CA7A4C0B}.Debug|Any CPU.Build.0 = Debug|Any CPU
		{C6995A9D-0E00-4CE1-83A0-9537CA7A4C0B}.Debug|ARM.ActiveCfg = Debug|Any CPU
		{C6995A9D-0E00-4CE1-83A0-9537CA7A4C0B}.Debug|ARM.Build.0 = Debug|Any CPU
		{C6995A9D-0E00-4CE1-83A0-9537CA7A4C0B}.Debug|iPhone.ActiveCfg = Debug|Any CPU
		{C6995A9D-0E00-4CE1-83A0-9537CA7A4C0B}.Debug|iPhone.Build.0 = Debug|Any CPU
		{C6995A9D-0E00-4CE1-83A0-9537CA7A4C0B}.Debug|iPhoneSimulator.ActiveCfg = Debug|Any CPU
		{C6995A9D-0E00-4CE1-83A0-9537CA7A4C0B}.Debug|iPhoneSimulator.Build.0 = Debug|Any CPU
		{C6995A9D-0E00-4CE1-83A0-9537CA7A4C0B}.Debug|x64.ActiveCfg = Debug|Any CPU
		{C6995A9D-0E00-4CE1-83A0-9537CA7A4C0B}.Debug|x64.Build.0 = Debug|Any CPU
		{C6995A9D-0E00-4CE1-83A0-9537CA7A4C0B}.Debug|x86.ActiveCfg = Debug|Any CPU
		{C6995A9D-0E00-4CE1-83A0-9537CA7A4C0B}.Debug|x86.Build.0 = Debug|Any CPU
		{C6995A9D-0E00-4CE1-83A0-9537CA7A4C0B}.Release|Any CPU.ActiveCfg = Release|Any CPU
		{C6995A9D-0E00-4CE1-83A0-9537CA7A4C0B}.Release|Any CPU.Build.0 = Release|Any CPU
		{C6995A9D-0E00-4CE1-83A0-9537CA7A4C0B}.Release|ARM.ActiveCfg = Release|Any CPU
		{C6995A9D-0E00-4CE1-83A0-9537CA7A4C0B}.Release|ARM.Build.0 = Release|Any CPU
		{C6995A9D-0E00-4CE1-83A0-9537CA7A4C0B}.Release|iPhone.ActiveCfg = Release|Any CPU
		{C6995A9D-0E00-4CE1-83A0-9537CA7A4C0B}.Release|iPhone.Build.0 = Release|Any CPU
		{C6995A9D-0E00-4CE1-83A0-9537CA7A4C0B}.Release|iPhoneSimulator.ActiveCfg = Release|Any CPU
		{C6995A9D-0E00-4CE1-83A0-9537CA7A4C0B}.Release|iPhoneSimulator.Build.0 = Release|Any CPU
		{C6995A9D-0E00-4CE1-83A0-9537CA7A4C0B}.Release|x64.ActiveCfg = Release|Any CPU
		{C6995A9D-0E00-4CE1-83A0-9537CA7A4C0B}.Release|x64.Build.0 = Release|Any CPU
		{C6995A9D-0E00-4CE1-83A0-9537CA7A4C0B}.Release|x86.ActiveCfg = Release|Any CPU
		{C6995A9D-0E00-4CE1-83A0-9537CA7A4C0B}.Release|x86.Build.0 = Release|Any CPU
		{85301193-27AC-4DC5-BD41-C7BC756AF9D0}.Debug|Any CPU.ActiveCfg = Debug|Any CPU
		{85301193-27AC-4DC5-BD41-C7BC756AF9D0}.Debug|Any CPU.Build.0 = Debug|Any CPU
		{85301193-27AC-4DC5-BD41-C7BC756AF9D0}.Debug|ARM.ActiveCfg = Debug|Any CPU
		{85301193-27AC-4DC5-BD41-C7BC756AF9D0}.Debug|ARM.Build.0 = Debug|Any CPU
		{85301193-27AC-4DC5-BD41-C7BC756AF9D0}.Debug|iPhone.ActiveCfg = Debug|Any CPU
		{85301193-27AC-4DC5-BD41-C7BC756AF9D0}.Debug|iPhone.Build.0 = Debug|Any CPU
		{85301193-27AC-4DC5-BD41-C7BC756AF9D0}.Debug|iPhoneSimulator.ActiveCfg = Debug|Any CPU
		{85301193-27AC-4DC5-BD41-C7BC756AF9D0}.Debug|iPhoneSimulator.Build.0 = Debug|Any CPU
		{85301193-27AC-4DC5-BD41-C7BC756AF9D0}.Debug|x64.ActiveCfg = Debug|Any CPU
		{85301193-27AC-4DC5-BD41-C7BC756AF9D0}.Debug|x64.Build.0 = Debug|Any CPU
		{85301193-27AC-4DC5-BD41-C7BC756AF9D0}.Debug|x86.ActiveCfg = Debug|Any CPU
		{85301193-27AC-4DC5-BD41-C7BC756AF9D0}.Debug|x86.Build.0 = Debug|Any CPU
		{85301193-27AC-4DC5-BD41-C7BC756AF9D0}.Release|Any CPU.ActiveCfg = Release|Any CPU
		{85301193-27AC-4DC5-BD41-C7BC756AF9D0}.Release|Any CPU.Build.0 = Release|Any CPU
		{85301193-27AC-4DC5-BD41-C7BC756AF9D0}.Release|ARM.ActiveCfg = Release|Any CPU
		{85301193-27AC-4DC5-BD41-C7BC756AF9D0}.Release|ARM.Build.0 = Release|Any CPU
		{85301193-27AC-4DC5-BD41-C7BC756AF9D0}.Release|iPhone.ActiveCfg = Release|Any CPU
		{85301193-27AC-4DC5-BD41-C7BC756AF9D0}.Release|iPhone.Build.0 = Release|Any CPU
		{85301193-27AC-4DC5-BD41-C7BC756AF9D0}.Release|iPhoneSimulator.ActiveCfg = Release|Any CPU
		{85301193-27AC-4DC5-BD41-C7BC756AF9D0}.Release|iPhoneSimulator.Build.0 = Release|Any CPU
		{85301193-27AC-4DC5-BD41-C7BC756AF9D0}.Release|x64.ActiveCfg = Release|Any CPU
		{85301193-27AC-4DC5-BD41-C7BC756AF9D0}.Release|x64.Build.0 = Release|Any CPU
		{85301193-27AC-4DC5-BD41-C7BC756AF9D0}.Release|x86.ActiveCfg = Release|Any CPU
		{85301193-27AC-4DC5-BD41-C7BC756AF9D0}.Release|x86.Build.0 = Release|Any CPU
		{B0220991-387D-4B51-8D08-C30A539E1C44}.Debug|Any CPU.ActiveCfg = Debug|Any CPU
		{B0220991-387D-4B51-8D08-C30A539E1C44}.Debug|Any CPU.Build.0 = Debug|Any CPU
		{B0220991-387D-4B51-8D08-C30A539E1C44}.Debug|ARM.ActiveCfg = Debug|Any CPU
		{B0220991-387D-4B51-8D08-C30A539E1C44}.Debug|ARM.Build.0 = Debug|Any CPU
		{B0220991-387D-4B51-8D08-C30A539E1C44}.Debug|iPhone.ActiveCfg = Debug|Any CPU
		{B0220991-387D-4B51-8D08-C30A539E1C44}.Debug|iPhone.Build.0 = Debug|Any CPU
		{B0220991-387D-4B51-8D08-C30A539E1C44}.Debug|iPhoneSimulator.ActiveCfg = Debug|Any CPU
		{B0220991-387D-4B51-8D08-C30A539E1C44}.Debug|iPhoneSimulator.Build.0 = Debug|Any CPU
		{B0220991-387D-4B51-8D08-C30A539E1C44}.Debug|x64.ActiveCfg = Debug|Any CPU
		{B0220991-387D-4B51-8D08-C30A539E1C44}.Debug|x64.Build.0 = Debug|Any CPU
		{B0220991-387D-4B51-8D08-C30A539E1C44}.Debug|x86.ActiveCfg = Debug|Any CPU
		{B0220991-387D-4B51-8D08-C30A539E1C44}.Debug|x86.Build.0 = Debug|Any CPU
		{B0220991-387D-4B51-8D08-C30A539E1C44}.Release|Any CPU.ActiveCfg = Release|Any CPU
		{B0220991-387D-4B51-8D08-C30A539E1C44}.Release|Any CPU.Build.0 = Release|Any CPU
		{B0220991-387D-4B51-8D08-C30A539E1C44}.Release|ARM.ActiveCfg = Release|Any CPU
		{B0220991-387D-4B51-8D08-C30A539E1C44}.Release|ARM.Build.0 = Release|Any CPU
		{B0220991-387D-4B51-8D08-C30A539E1C44}.Release|iPhone.ActiveCfg = Release|Any CPU
		{B0220991-387D-4B51-8D08-C30A539E1C44}.Release|iPhone.Build.0 = Release|Any CPU
		{B0220991-387D-4B51-8D08-C30A539E1C44}.Release|iPhoneSimulator.ActiveCfg = Release|Any CPU
		{B0220991-387D-4B51-8D08-C30A539E1C44}.Release|iPhoneSimulator.Build.0 = Release|Any CPU
		{B0220991-387D-4B51-8D08-C30A539E1C44}.Release|x64.ActiveCfg = Release|Any CPU
		{B0220991-387D-4B51-8D08-C30A539E1C44}.Release|x64.Build.0 = Release|Any CPU
		{B0220991-387D-4B51-8D08-C30A539E1C44}.Release|x86.ActiveCfg = Release|Any CPU
		{B0220991-387D-4B51-8D08-C30A539E1C44}.Release|x86.Build.0 = Release|Any CPU
	EndGlobalSection
	GlobalSection(SolutionProperties) = preSolution
		HideSolutionNode = FALSE
	EndGlobalSection
	GlobalSection(NestedProjects) = preSolution
		{0BEC5C37-6D04-40E1-9206-EA9A440A0CCD} = {F2C82B8E-2791-4C94-91D8-44B8D381A1CA}
		{09FD20ED-2BA1-4DC5-8B0E-50446916DD57} = {0E6B5486-9A72-47BC-B726-3E47129C46CF}
		{D3FCA0A8-3A3D-4A2A-B505-F8092FF1D4AC} = {3C9654DB-E677-4FCE-934C-27B8F59B6E9A}
		{F2C82B8E-2791-4C94-91D8-44B8D381A1CA} = {EE49C997-894D-43B6-B1A0-462F5427216C}
		{0E6B5486-9A72-47BC-B726-3E47129C46CF} = {EE49C997-894D-43B6-B1A0-462F5427216C}
		{9C30D470-AD8A-4487-A1A0-9FB20AFD2F7A} = {86B8BFA4-3C16-42A5-9B96-326A0B42EF49}
		{C6995A9D-0E00-4CE1-83A0-9537CA7A4C0B} = {875A2BEE-FBB2-4B18-A8AC-0A21784BF594}
		{85301193-27AC-4DC5-BD41-C7BC756AF9D0} = {2D6AEDB8-520B-47EC-838B-4668A9A13B80}
		{B0220991-387D-4B51-8D08-C30A539E1C44} = {20E2DD70-28A3-4B68-A575-07EE30BA643D}
	EndGlobalSection
	GlobalSection(ExtensibilityGlobals) = postSolution
		SolutionGuid = {7669CE01-27EE-4FA9-BDD9-CB7B61D22CC5}
	EndGlobalSection
EndGlobal
